
Microsoft Visual Studio Solution File, Format Version 9.00
# Visual Studio 2005
Project("{8BC9CEB8-8B4A-11D0-8D11-00A0C91BC942}") = "EnjoLib", "EnjoLib.vcproj", "{EF5FB6FA-6167-43FB-9EDB-582480238E25}"
EndProject
Global
	GlobalSection(SolutionConfigurationPlatforms) = preSolution
		Debug|Win32 = Debug|Win32
		Release|Win32 = Release|Win32
	EndGlobalSection
	GlobalSection(ProjectConfigurationPlatforms) = postSolution
		{EF5FB6FA-6167-43FB-9EDB-582480238E25}.Debug|Win32.ActiveCfg = Debug|Win32
		{EF5FB6FA-6167-43FB-9EDB-582480238E25}.Debug|Win32.Build.0 = Debug|Win32
		{EF5FB6FA-6167-43FB-9EDB-582480238E25}.Release|Win32.ActiveCfg = Release|Win32
		{EF5FB6FA-6167-43FB-9EDB-582480238E25}.Release|Win32.Build.0 = Release|Win32
	EndGlobalSection
	GlobalSection(SolutionProperties) = preSolution
		HideSolutionNode = FALSE
	EndGlobalSection
EndGlobal
